
Microsoft Visual Studio Solution File, Format Version 12.00
# Visual Studio Version 17
VisualStudioVersion = 17.14.36414.22
MinimumVisualStudioVersion = 10.0.40219.1
Project("{FAE04EC0-301F-11D3-BF4B-00C04F79EFBC}") = "Api_ITI", "Api_ITI\Api_ITI.csproj", "{BC879153-61AB-45E3-BF38-C45FA3C48A75}"
EndProject
Project("{FAE04EC0-301F-11D3-BF4B-00C04F79EFBC}") = "MVC_Consumer", "MVC_Consumer\MVC_Consumer.csproj", "{03D7EEE2-E91A-446F-8038-F5E098EC4FDD}"
EndProject
Global
	GlobalSection(SolutionConfigurationPlatforms) = preSolution
		Debug|Any CPU = Debug|Any CPU
		Release|Any CPU = Release|Any CPU
	EndGlobalSection
	GlobalSection(ProjectConfigurationPlatforms) = postSolution
		{BC879153-61AB-45E3-BF38-C45FA3C48A75}.Debug|Any CPU.ActiveCfg = Debug|Any CPU
		{BC879153-61AB-45E3-BF38-C45FA3C48A75}.Debug|Any CPU.Build.0 = Debug|Any CPU
		{BC879153-61AB-45E3-BF38-C45FA3C48A75}.Release|Any CPU.ActiveCfg = Release|Any CPU
		{BC879153-61AB-45E3-BF38-C45FA3C48A75}.Release|Any CPU.Build.0 = Release|Any CPU
		{03D7EEE2-E91A-446F-8038-F5E098EC4FDD}.Debug|Any CPU.ActiveCfg = Debug|Any CPU
		{03D7EEE2-E91A-446F-8038-F5E098EC4FDD}.Debug|Any CPU.Build.0 = Debug|Any CPU
		{03D7EEE2-E91A-446F-8038-F5E098EC4FDD}.Release|Any CPU.ActiveCfg = Release|Any CPU
		{03D7EEE2-E91A-446F-8038-F5E098EC4FDD}.Release|Any CPU.Build.0 = Release|Any CPU
	EndGlobalSection
	GlobalSection(SolutionProperties) = preSolution
		HideSolutionNode = FALSE
	EndGlobalSection
	GlobalSection(ExtensibilityGlobals) = postSolution
		SolutionGuid = {3CD96C59-6614-4DC4-AB7E-020FBBC60F0B}
	EndGlobalSection
EndGlobal
